
Microsoft Visual Studio Solution File, Format Version 11.00
# Visual Studio 2010
Project("{FAE04EC0-301F-11D3-BF4B-00C04F79EFBC}") = "Billard", "Assembly-CSharp.csproj", "{3DFE3C2A-6D16-1EE2-4C1E-ADC5046A674D}"
EndProject
Global
	GlobalSection(SolutionConfigurationPlatforms) = preSolution
		Debug|Any CPU = Debug|Any CPU
		Release|Any CPU = Release|Any CPU
	EndGlobalSection
	GlobalSection(ProjectConfigurationPlatforms) = postSolution
		{3DFE3C2A-6D16-1EE2-4C1E-ADC5046A674D}.Debug|Any CPU.ActiveCfg = Debug|Any CPU
		{3DFE3C2A-6D16-1EE2-4C1E-ADC5046A674D}.Debug|Any CPU.Build.0 = Debug|Any CPU
		{3DFE3C2A-6D16-1EE2-4C1E-ADC5046A674D}.Release|Any CPU.ActiveCfg = Release|Any CPU
		{3DFE3C2A-6D16-1EE2-4C1E-ADC5046A674D}.Release|Any CPU.Build.0 = Release|Any CPU
	EndGlobalSection
	GlobalSection(SolutionProperties) = preSolution
		HideSolutionNode = FALSE
	EndGlobalSection
	GlobalSection(MonoDevelopProperties) = preSolution
		StartupItem = Assembly-CSharp.csproj
	EndGlobalSection
EndGlobal
